// !$*UTF8*$!
{
	archiveVersion = 1;
	classes = {
	};
	objectVersion = 56;
	objects = {

/* Begin PBXBuildFile section */
		03BA98ED2BB1BAC8006AAC93 /* RealityKitContent in Frameworks */ = {isa = PBXBuildFile; productRef = 03BA98EC2BB1BAC8006AAC93 /* RealityKitContent */; };
		03BA98EF2BB1BAC8006AAC93 /* MegazordAppApp.swift in Sources */ = {isa = PBXBuildFile; fileRef = 03BA98EE2BB1BAC8006AAC93 /* MegazordAppApp.swift */; };
		03BA98F12BB1BAC8006AAC93 /* ContentView.swift in Sources */ = {isa = PBXBuildFile; fileRef = 03BA98F02BB1BAC8006AAC93 /* ContentView.swift */; };
		03BA98F52BB1BAC9006AAC93 /* Assets.xcassets in Resources */ = {isa = PBXBuildFile; fileRef = 03BA98F42BB1BAC9006AAC93 /* Assets.xcassets */; };
		03BA98F82BB1BAC9006AAC93 /* Preview Assets.xcassets in Resources */ = {isa = PBXBuildFile; fileRef = 03BA98F72BB1BAC9006AAC93 /* Preview Assets.xcassets */; };
		03BA99032BB1BAC9006AAC93 /* MegazordAppTests.swift in Sources */ = {isa = PBXBuildFile; fileRef = 03BA99022BB1BAC9006AAC93 /* MegazordAppTests.swift */; };
		03C1B4112BBED04800DD3B39 /* SimulatorView.swift in Sources */ = {isa = PBXBuildFile; fileRef = 03C1B4102BBED04800DD3B39 /* SimulatorView.swift */; };
		74B70F5F2BBAD81E0036F9B9 /* RobotPhysicsModel.swift in Sources */ = {isa = PBXBuildFile; fileRef = 74B70F5E2BBAD81E0036F9B9 /* RobotPhysicsModel.swift */; };
		74D2A4842BB5B64C0085224C /* SceneController.swift in Sources */ = {isa = PBXBuildFile; fileRef = 74D2A4832BB5B64C0085224C /* SceneController.swift */; };
		74D2A4862BB5B6660085224C /* RobotController.swift in Sources */ = {isa = PBXBuildFile; fileRef = 74D2A4852BB5B6660085224C /* RobotController.swift */; };
		74D2A4892BB5B68C0085224C /* RobotModel.swift in Sources */ = {isa = PBXBuildFile; fileRef = 74D2A4882BB5B68C0085224C /* RobotModel.swift */; };
		74D2A48B2BB5B6BC0085224C /* ContentViewModel.swift in Sources */ = {isa = PBXBuildFile; fileRef = 74D2A48A2BB5B6BC0085224C /* ContentViewModel.swift */; };
		74D2A48F2BB5B7660085224C /* EditRobotImmsersive.swift in Sources */ = {isa = PBXBuildFile; fileRef = 74D2A48E2BB5B7660085224C /* EditRobotImmsersive.swift */; };
		74D2A4932BB5B8A00085224C /* EditRobot.swift in Sources */ = {isa = PBXBuildFile; fileRef = 74D2A4922BB5B8A00085224C /* EditRobot.swift */; };
		AE332A9F2BBD902700EC6151 /* Router.swift in Sources */ = {isa = PBXBuildFile; fileRef = AE332A9E2BBD902700EC6151 /* Router.swift */; };
		AE332AA42BBEC3D800EC6151 /* RampLessonView.swift in Sources */ = {isa = PBXBuildFile; fileRef = AE332AA32BBEC3D800EC6151 /* RampLessonView.swift */; };
		AE4493702BB4B60A00B44CD3 /* TutorialLessonCompleteSheetView.swift in Sources */ = {isa = PBXBuildFile; fileRef = AE44936F2BB4B60A00B44CD3 /* TutorialLessonCompleteSheetView.swift */; };
		AE4493742BB4B6DB00B44CD3 /* TextSectionView.swift in Sources */ = {isa = PBXBuildFile; fileRef = AE4493732BB4B6DB00B44CD3 /* TextSectionView.swift */; };
		AE4493762BB4BC3A00B44CD3 /* TutorialLessonFailedSheetView.swift in Sources */ = {isa = PBXBuildFile; fileRef = AE4493752BB4BC3A00B44CD3 /* TutorialLessonFailedSheetView.swift */; };
		AEAC90DE2BBECBD8006550C2 /* car_bigWheels_motor.usdz in Resources */ = {isa = PBXBuildFile; fileRef = AEAC90D42BBECBD8006550C2 /* car_bigWheels_motor.usdz */; };
		AEAC90DF2BBECBD8006550C2 /* car_normalWheels.usdz in Resources */ = {isa = PBXBuildFile; fileRef = AEAC90D52BBECBD8006550C2 /* car_normalWheels.usdz */; };
		AEAC90E02BBECBD8006550C2 /* car.usdz in Resources */ = {isa = PBXBuildFile; fileRef = AEAC90D62BBECBD8006550C2 /* car.usdz */; };
		AEAC90E12BBECBD8006550C2 /* car_dualMotor.usdz in Resources */ = {isa = PBXBuildFile; fileRef = AEAC90D72BBECBD8006550C2 /* car_dualMotor.usdz */; };
		AEAC90E22BBECBD8006550C2 /* car_bigWheels_dualMotor.usdz in Resources */ = {isa = PBXBuildFile; fileRef = AEAC90D82BBECBD8006550C2 /* car_bigWheels_dualMotor.usdz */; };
		AEAC90E32BBECBD8006550C2 /* car_motor.usdz in Resources */ = {isa = PBXBuildFile; fileRef = AEAC90D92BBECBD8006550C2 /* car_motor.usdz */; };
		AEAC90E42BBECBD8006550C2 /* car_normalWheels_motor.usdz in Resources */ = {isa = PBXBuildFile; fileRef = AEAC90DA2BBECBD8006550C2 /* car_normalWheels_motor.usdz */; };
		AEAC90E62BBECBD8006550C2 /* car_normalWheels_dualMotor.usdz in Resources */ = {isa = PBXBuildFile; fileRef = AEAC90DC2BBECBD8006550C2 /* car_normalWheels_dualMotor.usdz */; };
		AEAC90E72BBECBD8006550C2 /* car_bigWheels.usdz in Resources */ = {isa = PBXBuildFile; fileRef = AEAC90DD2BBECBD8006550C2 /* car_bigWheels.usdz */; };
		AEAC90EB2BBED508006550C2 /* RobotSceneView.swift in Sources */ = {isa = PBXBuildFile; fileRef = AEAC90EA2BBED508006550C2 /* RobotSceneView.swift */; };
		AEC99A0F2BB46732005B0773 /* TutorialLessonView.swift in Sources */ = {isa = PBXBuildFile; fileRef = AEC99A0E2BB46732005B0773 /* TutorialLessonView.swift */; };
		AEC99A112BB46753005B0773 /* CardView.swift in Sources */ = {isa = PBXBuildFile; fileRef = AEC99A102BB46753005B0773 /* CardView.swift */; };
		AEC99A152BB46775005B0773 /* Extensions.swift in Sources */ = {isa = PBXBuildFile; fileRef = AEC99A142BB46775005B0773 /* Extensions.swift */; };
/* End PBXBuildFile section */

/* Begin PBXContainerItemProxy section */
		03BA98FF2BB1BAC9006AAC93 /* PBXContainerItemProxy */ = {
			isa = PBXContainerItemProxy;
			containerPortal = 03BA98DF2BB1BAC8006AAC93 /* Project object */;
			proxyType = 1;
			remoteGlobalIDString = 03BA98E62BB1BAC8006AAC93;
			remoteInfo = MegazordApp;
		};
/* End PBXContainerItemProxy section */

/* Begin PBXFileReference section */
		03BA98E72BB1BAC8006AAC93 /* MegazordApp.app */ = {isa = PBXFileReference; explicitFileType = wrapper.application; includeInIndex = 0; path = MegazordApp.app; sourceTree = BUILT_PRODUCTS_DIR; };
		03BA98EB2BB1BAC8006AAC93 /* RealityKitContent */ = {isa = PBXFileReference; lastKnownFileType = wrapper; path = RealityKitContent; sourceTree = "<group>"; };
		03BA98EE2BB1BAC8006AAC93 /* MegazordAppApp.swift */ = {isa = PBXFileReference; lastKnownFileType = sourcecode.swift; path = MegazordAppApp.swift; sourceTree = "<group>"; };
		03BA98F02BB1BAC8006AAC93 /* ContentView.swift */ = {isa = PBXFileReference; lastKnownFileType = sourcecode.swift; path = ContentView.swift; sourceTree = "<group>"; };
		03BA98F42BB1BAC9006AAC93 /* Assets.xcassets */ = {isa = PBXFileReference; lastKnownFileType = folder.assetcatalog; path = Assets.xcassets; sourceTree = "<group>"; };
		03BA98F72BB1BAC9006AAC93 /* Preview Assets.xcassets */ = {isa = PBXFileReference; lastKnownFileType = folder.assetcatalog; path = "Preview Assets.xcassets"; sourceTree = "<group>"; };
		03BA98F92BB1BAC9006AAC93 /* Info.plist */ = {isa = PBXFileReference; lastKnownFileType = text.plist.xml; path = Info.plist; sourceTree = "<group>"; };
		03BA98FE2BB1BAC9006AAC93 /* MegazordAppTests.xctest */ = {isa = PBXFileReference; explicitFileType = wrapper.cfbundle; includeInIndex = 0; path = MegazordAppTests.xctest; sourceTree = BUILT_PRODUCTS_DIR; };
		03BA99022BB1BAC9006AAC93 /* MegazordAppTests.swift */ = {isa = PBXFileReference; lastKnownFileType = sourcecode.swift; path = MegazordAppTests.swift; sourceTree = "<group>"; };
		03C1B4102BBED04800DD3B39 /* SimulatorView.swift */ = {isa = PBXFileReference; lastKnownFileType = sourcecode.swift; path = SimulatorView.swift; sourceTree = "<group>"; };
		74B70F5E2BBAD81E0036F9B9 /* RobotPhysicsModel.swift */ = {isa = PBXFileReference; lastKnownFileType = sourcecode.swift; path = RobotPhysicsModel.swift; sourceTree = "<group>"; };
		74D2A4832BB5B64C0085224C /* SceneController.swift */ = {isa = PBXFileReference; lastKnownFileType = sourcecode.swift; path = SceneController.swift; sourceTree = "<group>"; };
		74D2A4852BB5B6660085224C /* RobotController.swift */ = {isa = PBXFileReference; lastKnownFileType = sourcecode.swift; path = RobotController.swift; sourceTree = "<group>"; };
		74D2A4882BB5B68C0085224C /* RobotModel.swift */ = {isa = PBXFileReference; lastKnownFileType = sourcecode.swift; path = RobotModel.swift; sourceTree = "<group>"; };
		74D2A48A2BB5B6BC0085224C /* ContentViewModel.swift */ = {isa = PBXFileReference; lastKnownFileType = sourcecode.swift; path = ContentViewModel.swift; sourceTree = "<group>"; };
		74D2A48E2BB5B7660085224C /* EditRobotImmsersive.swift */ = {isa = PBXFileReference; lastKnownFileType = sourcecode.swift; path = EditRobotImmsersive.swift; sourceTree = "<group>"; };
		74D2A4922BB5B8A00085224C /* EditRobot.swift */ = {isa = PBXFileReference; lastKnownFileType = sourcecode.swift; path = EditRobot.swift; sourceTree = "<group>"; };
		AE332A9E2BBD902700EC6151 /* Router.swift */ = {isa = PBXFileReference; lastKnownFileType = sourcecode.swift; path = Router.swift; sourceTree = "<group>"; };
		AE332AA32BBEC3D800EC6151 /* RampLessonView.swift */ = {isa = PBXFileReference; lastKnownFileType = sourcecode.swift; path = RampLessonView.swift; sourceTree = "<group>"; };
		AE44936F2BB4B60A00B44CD3 /* TutorialLessonCompleteSheetView.swift */ = {isa = PBXFileReference; lastKnownFileType = sourcecode.swift; path = TutorialLessonCompleteSheetView.swift; sourceTree = "<group>"; };
		AE4493732BB4B6DB00B44CD3 /* TextSectionView.swift */ = {isa = PBXFileReference; lastKnownFileType = sourcecode.swift; path = TextSectionView.swift; sourceTree = "<group>"; };
		AE4493752BB4BC3A00B44CD3 /* TutorialLessonFailedSheetView.swift */ = {isa = PBXFileReference; lastKnownFileType = sourcecode.swift; path = TutorialLessonFailedSheetView.swift; sourceTree = "<group>"; };
		AEAC90D42BBECBD8006550C2 /* car_bigWheels_motor.usdz */ = {isa = PBXFileReference; lastKnownFileType = file.usdz; path = car_bigWheels_motor.usdz; sourceTree = "<group>"; };
		AEAC90D52BBECBD8006550C2 /* car_normalWheels.usdz */ = {isa = PBXFileReference; lastKnownFileType = file.usdz; path = car_normalWheels.usdz; sourceTree = "<group>"; };
		AEAC90D62BBECBD8006550C2 /* car.usdz */ = {isa = PBXFileReference; lastKnownFileType = file.usdz; path = car.usdz; sourceTree = "<group>"; };
		AEAC90D72BBECBD8006550C2 /* car_dualMotor.usdz */ = {isa = PBXFileReference; lastKnownFileType = file.usdz; path = car_dualMotor.usdz; sourceTree = "<group>"; };
		AEAC90D82BBECBD8006550C2 /* car_bigWheels_dualMotor.usdz */ = {isa = PBXFileReference; lastKnownFileType = file.usdz; path = car_bigWheels_dualMotor.usdz; sourceTree = "<group>"; };
		AEAC90D92BBECBD8006550C2 /* car_motor.usdz */ = {isa = PBXFileReference; lastKnownFileType = file.usdz; path = car_motor.usdz; sourceTree = "<group>"; };
		AEAC90DA2BBECBD8006550C2 /* car_normalWheels_motor.usdz */ = {isa = PBXFileReference; lastKnownFileType = file.usdz; path = car_normalWheels_motor.usdz; sourceTree = "<group>"; };
		AEAC90DC2BBECBD8006550C2 /* car_normalWheels_dualMotor.usdz */ = {isa = PBXFileReference; lastKnownFileType = file.usdz; path = car_normalWheels_dualMotor.usdz; sourceTree = "<group>"; };
		AEAC90DD2BBECBD8006550C2 /* car_bigWheels.usdz */ = {isa = PBXFileReference; lastKnownFileType = file.usdz; path = car_bigWheels.usdz; sourceTree = "<group>"; };
		AEAC90EA2BBED508006550C2 /* RobotSceneView.swift */ = {isa = PBXFileReference; lastKnownFileType = sourcecode.swift; path = RobotSceneView.swift; sourceTree = "<group>"; };
		AEC99A0E2BB46732005B0773 /* TutorialLessonView.swift */ = {isa = PBXFileReference; lastKnownFileType = sourcecode.swift; path = TutorialLessonView.swift; sourceTree = "<group>"; };
		AEC99A102BB46753005B0773 /* CardView.swift */ = {isa = PBXFileReference; lastKnownFileType = sourcecode.swift; path = CardView.swift; sourceTree = "<group>"; };
		AEC99A142BB46775005B0773 /* Extensions.swift */ = {isa = PBXFileReference; lastKnownFileType = sourcecode.swift; path = Extensions.swift; sourceTree = "<group>"; };
/* End PBXFileReference section */

/* Begin PBXFrameworksBuildPhase section */
		03BA98E42BB1BAC8006AAC93 /* Frameworks */ = {
			isa = PBXFrameworksBuildPhase;
			buildActionMask = 2147483647;
			files = (
				03BA98ED2BB1BAC8006AAC93 /* RealityKitContent in Frameworks */,
			);
			runOnlyForDeploymentPostprocessing = 0;
		};
		03BA98FB2BB1BAC9006AAC93 /* Frameworks */ = {
			isa = PBXFrameworksBuildPhase;
			buildActionMask = 2147483647;
			files = (
			);
			runOnlyForDeploymentPostprocessing = 0;
		};
/* End PBXFrameworksBuildPhase section */

/* Begin PBXGroup section */
		03BA98DE2BB1BAC8006AAC93 = {
			isa = PBXGroup;
			children = (
				03BA98E92BB1BAC8006AAC93 /* MegazordApp */,
				03BA98EA2BB1BAC8006AAC93 /* Packages */,
				03BA99012BB1BAC9006AAC93 /* MegazordAppTests */,
				03BA98E82BB1BAC8006AAC93 /* Products */,
			);
			sourceTree = "<group>";
		};
		03BA98E82BB1BAC8006AAC93 /* Products */ = {
			isa = PBXGroup;
			children = (
				03BA98E72BB1BAC8006AAC93 /* MegazordApp.app */,
				03BA98FE2BB1BAC9006AAC93 /* MegazordAppTests.xctest */,
			);
			name = Products;
			sourceTree = "<group>";
		};
		03BA98E92BB1BAC8006AAC93 /* MegazordApp */ = {
			isa = PBXGroup;
			children = (
				74D2A4872BB5B67D0085224C /* Models */,
				74D2A4822BB5B63C0085224C /* Controller */,
				AE4493722BB4B6B700B44CD3 /* Components */,
				03BA98F02BB1BAC8006AAC93 /* ContentView.swift */,
				74D2A4922BB5B8A00085224C /* EditRobot.swift */,
				74D2A48E2BB5B7660085224C /* EditRobotImmsersive.swift */,
				AEC99A142BB46775005B0773 /* Extensions.swift */,
				03BA98EE2BB1BAC8006AAC93 /* MegazordAppApp.swift */,
				AE332AA32BBEC3D800EC6151 /* RampLessonView.swift */,
				AEAC90EA2BBED508006550C2 /* RobotSceneView.swift */,
				AE332AA22BBEC3BD00EC6151 /* RampLesson */,
				AEAC90D32BBECB7F006550C2 /* RobotModels */,
				AE4493712BB4B69400B44CD3 /* TutorialLesson */,
				03BA98F42BB1BAC9006AAC93 /* Assets.xcassets */,
				03BA98F92BB1BAC9006AAC93 /* Info.plist */,
				03BA98F62BB1BAC9006AAC93 /* Preview Content */,
				03C1B4102BBED04800DD3B39 /* SimulatorView.swift */,
			);
			path = MegazordApp;
			sourceTree = "<group>";
		};
		03BA98EA2BB1BAC8006AAC93 /* Packages */ = {
			isa = PBXGroup;
			children = (
				03BA98EB2BB1BAC8006AAC93 /* RealityKitContent */,
			);
			path = Packages;
			sourceTree = "<group>";
		};
		03BA98F62BB1BAC9006AAC93 /* Preview Content */ = {
			isa = PBXGroup;
			children = (
				03BA98F72BB1BAC9006AAC93 /* Preview Assets.xcassets */,
			);
			path = "Preview Content";
			sourceTree = "<group>";
		};
		03BA99012BB1BAC9006AAC93 /* MegazordAppTests */ = {
			isa = PBXGroup;
			children = (
				03BA99022BB1BAC9006AAC93 /* MegazordAppTests.swift */,
			);
			path = MegazordAppTests;
			sourceTree = "<group>";
		};
		74D2A4822BB5B63C0085224C /* Controller */ = {
			isa = PBXGroup;
			children = (
				74D2A4832BB5B64C0085224C /* SceneController.swift */,
				74D2A4852BB5B6660085224C /* RobotController.swift */,
				AE332A9E2BBD902700EC6151 /* Router.swift */,
			);
			path = Controller;
			sourceTree = "<group>";
		};
		74D2A4872BB5B67D0085224C /* Models */ = {
			isa = PBXGroup;
			children = (
				74D2A4882BB5B68C0085224C /* RobotModel.swift */,
				74D2A48A2BB5B6BC0085224C /* ContentViewModel.swift */,
				74B70F5E2BBAD81E0036F9B9 /* RobotPhysicsModel.swift */,
			);
			path = Models;
			sourceTree = "<group>";
		};
		AE4493712BB4B69400B44CD3 /* TutorialLesson */ = {
			isa = PBXGroup;
			children = (
				AE44936F2BB4B60A00B44CD3 /* TutorialLessonCompleteSheetView.swift */,
				AE4493752BB4BC3A00B44CD3 /* TutorialLessonFailedSheetView.swift */,
				AEC99A0E2BB46732005B0773 /* TutorialLessonView.swift */,
			);
			path = TutorialLesson;
			sourceTree = "<group>";
		};
		AE4493722BB4B6B700B44CD3 /* Components */ = {
			isa = PBXGroup;
			children = (
				AEC99A102BB46753005B0773 /* CardView.swift */,
				AE4493732BB4B6DB00B44CD3 /* TextSectionView.swift */,
			);
			path = Components;
			sourceTree = "<group>";
		};
		AEAC90D32BBECB7F006550C2 /* RobotModels */ = {
			isa = PBXGroup;
			children = (
				AEAC90D82BBECBD8006550C2 /* car_bigWheels_dualMotor.usdz */,
				AEAC90D42BBECBD8006550C2 /* car_bigWheels_motor.usdz */,
				AEAC90DD2BBECBD8006550C2 /* car_bigWheels.usdz */,
				AEAC90D72BBECBD8006550C2 /* car_dualMotor.usdz */,
				AEAC90D92BBECBD8006550C2 /* car_motor.usdz */,
				AEAC90DC2BBECBD8006550C2 /* car_normalWheels_dualMotor.usdz */,
				AEAC90DA2BBECBD8006550C2 /* car_normalWheels_motor.usdz */,
				AEAC90D52BBECBD8006550C2 /* car_normalWheels.usdz */,
				AEAC90D62BBECBD8006550C2 /* car.usdz */,
			);
			path = RobotModels;
			sourceTree = "<group>";
		};
/* End PBXGroup section */

/* Begin PBXNativeTarget section */
		03BA98E62BB1BAC8006AAC93 /* MegazordApp */ = {
			isa = PBXNativeTarget;
			buildConfigurationList = 03BA99062BB1BAC9006AAC93 /* Build configuration list for PBXNativeTarget "MegazordApp" */;
			buildPhases = (
				03BA98E32BB1BAC8006AAC93 /* Sources */,
				03BA98E42BB1BAC8006AAC93 /* Frameworks */,
				03BA98E52BB1BAC8006AAC93 /* Resources */,
			);
			buildRules = (
			);
			dependencies = (
			);
			name = MegazordApp;
			packageProductDependencies = (
				03BA98EC2BB1BAC8006AAC93 /* RealityKitContent */,
			);
			productName = MegazordApp;
			productReference = 03BA98E72BB1BAC8006AAC93 /* MegazordApp.app */;
			productType = "com.apple.product-type.application";
		};
		03BA98FD2BB1BAC9006AAC93 /* MegazordAppTests */ = {
			isa = PBXNativeTarget;
			buildConfigurationList = 03BA99092BB1BAC9006AAC93 /* Build configuration list for PBXNativeTarget "MegazordAppTests" */;
			buildPhases = (
				03BA98FA2BB1BAC9006AAC93 /* Sources */,
				03BA98FB2BB1BAC9006AAC93 /* Frameworks */,
				03BA98FC2BB1BAC9006AAC93 /* Resources */,
			);
			buildRules = (
			);
			dependencies = (
				03BA99002BB1BAC9006AAC93 /* PBXTargetDependency */,
			);
			name = MegazordAppTests;
			productName = MegazordAppTests;
			productReference = 03BA98FE2BB1BAC9006AAC93 /* MegazordAppTests.xctest */;
			productType = "com.apple.product-type.bundle.unit-test";
		};
/* End PBXNativeTarget section */

/* Begin PBXProject section */
		03BA98DF2BB1BAC8006AAC93 /* Project object */ = {
			isa = PBXProject;
			attributes = {
				BuildIndependentTargetsInParallel = 1;
				LastSwiftUpdateCheck = 1530;
				LastUpgradeCheck = 1530;
				TargetAttributes = {
					03BA98E62BB1BAC8006AAC93 = {
						CreatedOnToolsVersion = 15.3;
					};
					03BA98FD2BB1BAC9006AAC93 = {
						CreatedOnToolsVersion = 15.3;
						TestTargetID = 03BA98E62BB1BAC8006AAC93;
					};
				};
			};
			buildConfigurationList = 03BA98E22BB1BAC8006AAC93 /* Build configuration list for PBXProject "MegazordApp" */;
			compatibilityVersion = "Xcode 14.0";
			developmentRegion = en;
			hasScannedForEncodings = 0;
			knownRegions = (
				en,
				Base,
			);
			mainGroup = 03BA98DE2BB1BAC8006AAC93;
			productRefGroup = 03BA98E82BB1BAC8006AAC93 /* Products */;
			projectDirPath = "";
			projectRoot = "";
			targets = (
				03BA98E62BB1BAC8006AAC93 /* MegazordApp */,
				03BA98FD2BB1BAC9006AAC93 /* MegazordAppTests */,
			);
		};
/* End PBXProject section */

/* Begin PBXResourcesBuildPhase section */
		03BA98E52BB1BAC8006AAC93 /* Resources */ = {
			isa = PBXResourcesBuildPhase;
			buildActionMask = 2147483647;
			files = (
				AEAC90E22BBECBD8006550C2 /* car_bigWheels_dualMotor.usdz in Resources */,
				AEAC90E62BBECBD8006550C2 /* car_normalWheels_dualMotor.usdz in Resources */,
				AEAC90E72BBECBD8006550C2 /* car_bigWheels.usdz in Resources */,
				03BA98F82BB1BAC9006AAC93 /* Preview Assets.xcassets in Resources */,
				AEAC90DF2BBECBD8006550C2 /* car_normalWheels.usdz in Resources */,
				AEAC90DE2BBECBD8006550C2 /* car_bigWheels_motor.usdz in Resources */,
				03BA98F52BB1BAC9006AAC93 /* Assets.xcassets in Resources */,
				AEAC90E12BBECBD8006550C2 /* car_dualMotor.usdz in Resources */,
				AEAC90E32BBECBD8006550C2 /* car_motor.usdz in Resources */,
				AEAC90E02BBECBD8006550C2 /* car.usdz in Resources */,
				AEAC90E42BBECBD8006550C2 /* car_normalWheels_motor.usdz in Resources */,
			);
			runOnlyForDeploymentPostprocessing = 0;
		};
		03BA98FC2BB1BAC9006AAC93 /* Resources */ = {
			isa = PBXResourcesBuildPhase;
			buildActionMask = 2147483647;
			files = (
			);
			runOnlyForDeploymentPostprocessing = 0;
		};
/* End PBXResourcesBuildPhase section */

/* Begin PBXSourcesBuildPhase section */
		03BA98E32BB1BAC8006AAC93 /* Sources */ = {
			isa = PBXSourcesBuildPhase;
			buildActionMask = 2147483647;
			files = (
				74D2A4892BB5B68C0085224C /* RobotModel.swift in Sources */,
				AEC99A152BB46775005B0773 /* Extensions.swift in Sources */,
				AE332AA42BBEC3D800EC6151 /* RampLessonView.swift in Sources */,
				03BA98F12BB1BAC8006AAC93 /* ContentView.swift in Sources */,
				74D2A4842BB5B64C0085224C /* SceneController.swift in Sources */,
				AEAC90EB2BBED508006550C2 /* RobotSceneView.swift in Sources */,
				74D2A48F2BB5B7660085224C /* EditRobotImmsersive.swift in Sources */,
				AE4493762BB4BC3A00B44CD3 /* TutorialLessonFailedSheetView.swift in Sources */,
				03C1B4112BBED04800DD3B39 /* SimulatorView.swift in Sources */,
				AE4493702BB4B60A00B44CD3 /* TutorialLessonCompleteSheetView.swift in Sources */,
				03BA98EF2BB1BAC8006AAC93 /* MegazordAppApp.swift in Sources */,
				AEC99A0F2BB46732005B0773 /* TutorialLessonView.swift in Sources */,
				AE332A9F2BBD902700EC6151 /* Router.swift in Sources */,
				AE4493742BB4B6DB00B44CD3 /* TextSectionView.swift in Sources */,
				74D2A4862BB5B6660085224C /* RobotController.swift in Sources */,
				AEC99A112BB46753005B0773 /* CardView.swift in Sources */,
				74D2A4932BB5B8A00085224C /* EditRobot.swift in Sources */,
				74D2A48B2BB5B6BC0085224C /* ContentViewModel.swift in Sources */,
				74B70F5F2BBAD81E0036F9B9 /* RobotPhysicsModel.swift in Sources */,
			);
			runOnlyForDeploymentPostprocessing = 0;
		};
		03BA98FA2BB1BAC9006AAC93 /* Sources */ = {
			isa = PBXSourcesBuildPhase;
			buildActionMask = 2147483647;
			files = (
				03BA99032BB1BAC9006AAC93 /* MegazordAppTests.swift in Sources */,
			);
			runOnlyForDeploymentPostprocessing = 0;
		};
/* End PBXSourcesBuildPhase section */

/* Begin PBXTargetDependency section */
		03BA99002BB1BAC9006AAC93 /* PBXTargetDependency */ = {
			isa = PBXTargetDependency;
			target = 03BA98E62BB1BAC8006AAC93 /* MegazordApp */;
			targetProxy = 03BA98FF2BB1BAC9006AAC93 /* PBXContainerItemProxy */;
		};
/* End PBXTargetDependency section */

/* Begin XCBuildConfiguration section */
		03BA99042BB1BAC9006AAC93 /* Debug */ = {
			isa = XCBuildConfiguration;
			buildSettings = {
				ALWAYS_SEARCH_USER_PATHS = NO;
				ASSETCATALOG_COMPILER_GENERATE_SWIFT_ASSET_SYMBOL_EXTENSIONS = YES;
				CLANG_ANALYZER_NONNULL = YES;
				CLANG_ANALYZER_NUMBER_OBJECT_CONVERSION = YES_AGGRESSIVE;
				CLANG_CXX_LANGUAGE_STANDARD = "gnu++20";
				CLANG_ENABLE_MODULES = YES;
				CLANG_ENABLE_OBJC_ARC = YES;
				CLANG_ENABLE_OBJC_WEAK = YES;
				CLANG_WARN_BLOCK_CAPTURE_AUTORELEASING = YES;
				CLANG_WARN_BOOL_CONVERSION = YES;
				CLANG_WARN_COMMA = YES;
				CLANG_WARN_CONSTANT_CONVERSION = YES;
				CLANG_WARN_DEPRECATED_OBJC_IMPLEMENTATIONS = YES;
				CLANG_WARN_DIRECT_OBJC_ISA_USAGE = YES_ERROR;
				CLANG_WARN_DOCUMENTATION_COMMENTS = YES;
				CLANG_WARN_EMPTY_BODY = YES;
				CLANG_WARN_ENUM_CONVERSION = YES;
				CLANG_WARN_INFINITE_RECURSION = YES;
				CLANG_WARN_INT_CONVERSION = YES;
				CLANG_WARN_NON_LITERAL_NULL_CONVERSION = YES;
				CLANG_WARN_OBJC_IMPLICIT_RETAIN_SELF = YES;
				CLANG_WARN_OBJC_LITERAL_CONVERSION = YES;
				CLANG_WARN_OBJC_ROOT_CLASS = YES_ERROR;
				CLANG_WARN_QUOTED_INCLUDE_IN_FRAMEWORK_HEADER = YES;
				CLANG_WARN_RANGE_LOOP_ANALYSIS = YES;
				CLANG_WARN_STRICT_PROTOTYPES = YES;
				CLANG_WARN_SUSPICIOUS_MOVE = YES;
				CLANG_WARN_UNGUARDED_AVAILABILITY = YES_AGGRESSIVE;
				CLANG_WARN_UNREACHABLE_CODE = YES;
				CLANG_WARN__DUPLICATE_METHOD_MATCH = YES;
				COPY_PHASE_STRIP = NO;
				DEBUG_INFORMATION_FORMAT = dwarf;
				ENABLE_STRICT_OBJC_MSGSEND = YES;
				ENABLE_TESTABILITY = YES;
				ENABLE_USER_SCRIPT_SANDBOXING = YES;
				GCC_C_LANGUAGE_STANDARD = gnu17;
				GCC_DYNAMIC_NO_PIC = NO;
				GCC_NO_COMMON_BLOCKS = YES;
				GCC_OPTIMIZATION_LEVEL = 0;
				GCC_PREPROCESSOR_DEFINITIONS = (
					"DEBUG=1",
					"$(inherited)",
				);
				GCC_WARN_64_TO_32_BIT_CONVERSION = YES;
				GCC_WARN_ABOUT_RETURN_TYPE = YES_ERROR;
				GCC_WARN_UNDECLARED_SELECTOR = YES;
				GCC_WARN_UNINITIALIZED_AUTOS = YES_AGGRESSIVE;
				GCC_WARN_UNUSED_FUNCTION = YES;
				GCC_WARN_UNUSED_VARIABLE = YES;
				LOCALIZATION_PREFERS_STRING_CATALOGS = YES;
				MTL_ENABLE_DEBUG_INFO = INCLUDE_SOURCE;
				MTL_FAST_MATH = YES;
				ONLY_ACTIVE_ARCH = YES;
				SDKROOT = xros;
				SWIFT_ACTIVE_COMPILATION_CONDITIONS = "DEBUG $(inherited)";
				SWIFT_OPTIMIZATION_LEVEL = "-Onone";
				XROS_DEPLOYMENT_TARGET = 1.1;
			};
			name = Debug;
		};
		03BA99052BB1BAC9006AAC93 /* Release */ = {
			isa = XCBuildConfiguration;
			buildSettings = {
				ALWAYS_SEARCH_USER_PATHS = NO;
				ASSETCATALOG_COMPILER_GENERATE_SWIFT_ASSET_SYMBOL_EXTENSIONS = YES;
				CLANG_ANALYZER_NONNULL = YES;
				CLANG_ANALYZER_NUMBER_OBJECT_CONVERSION = YES_AGGRESSIVE;
				CLANG_CXX_LANGUAGE_STANDARD = "gnu++20";
				CLANG_ENABLE_MODULES = YES;
				CLANG_ENABLE_OBJC_ARC = YES;
				CLANG_ENABLE_OBJC_WEAK = YES;
				CLANG_WARN_BLOCK_CAPTURE_AUTORELEASING = YES;
				CLANG_WARN_BOOL_CONVERSION = YES;
				CLANG_WARN_COMMA = YES;
				CLANG_WARN_CONSTANT_CONVERSION = YES;
				CLANG_WARN_DEPRECATED_OBJC_IMPLEMENTATIONS = YES;
				CLANG_WARN_DIRECT_OBJC_ISA_USAGE = YES_ERROR;
				CLANG_WARN_DOCUMENTATION_COMMENTS = YES;
				CLANG_WARN_EMPTY_BODY = YES;
				CLANG_WARN_ENUM_CONVERSION = YES;
				CLANG_WARN_INFINITE_RECURSION = YES;
				CLANG_WARN_INT_CONVERSION = YES;
				CLANG_WARN_NON_LITERAL_NULL_CONVERSION = YES;
				CLANG_WARN_OBJC_IMPLICIT_RETAIN_SELF = YES;
				CLANG_WARN_OBJC_LITERAL_CONVERSION = YES;
				CLANG_WARN_OBJC_ROOT_CLASS = YES_ERROR;
				CLANG_WARN_QUOTED_INCLUDE_IN_FRAMEWORK_HEADER = YES;
				CLANG_WARN_RANGE_LOOP_ANALYSIS = YES;
				CLANG_WARN_STRICT_PROTOTYPES = YES;
				CLANG_WARN_SUSPICIOUS_MOVE = YES;
				CLANG_WARN_UNGUARDED_AVAILABILITY = YES_AGGRESSIVE;
				CLANG_WARN_UNREACHABLE_CODE = YES;
				CLANG_WARN__DUPLICATE_METHOD_MATCH = YES;
				COPY_PHASE_STRIP = NO;
				DEBUG_INFORMATION_FORMAT = "dwarf-with-dsym";
				ENABLE_NS_ASSERTIONS = NO;
				ENABLE_STRICT_OBJC_MSGSEND = YES;
				ENABLE_USER_SCRIPT_SANDBOXING = YES;
				GCC_C_LANGUAGE_STANDARD = gnu17;
				GCC_NO_COMMON_BLOCKS = YES;
				GCC_WARN_64_TO_32_BIT_CONVERSION = YES;
				GCC_WARN_ABOUT_RETURN_TYPE = YES_ERROR;
				GCC_WARN_UNDECLARED_SELECTOR = YES;
				GCC_WARN_UNINITIALIZED_AUTOS = YES_AGGRESSIVE;
				GCC_WARN_UNUSED_FUNCTION = YES;
				GCC_WARN_UNUSED_VARIABLE = YES;
				LOCALIZATION_PREFERS_STRING_CATALOGS = YES;
				MTL_ENABLE_DEBUG_INFO = NO;
				MTL_FAST_MATH = YES;
				SDKROOT = xros;
				SWIFT_COMPILATION_MODE = wholemodule;
				VALIDATE_PRODUCT = YES;
				XROS_DEPLOYMENT_TARGET = 1.1;
			};
			name = Release;
		};
		03BA99072BB1BAC9006AAC93 /* Debug */ = {
			isa = XCBuildConfiguration;
			buildSettings = {
				ASSETCATALOG_COMPILER_APPICON_NAME = AppIcon;
				ASSETCATALOG_COMPILER_GLOBAL_ACCENT_COLOR_NAME = AccentColor;
				CODE_SIGN_STYLE = Automatic;
				CURRENT_PROJECT_VERSION = 1;
				DEVELOPMENT_ASSET_PATHS = "\"MegazordApp/Preview Content\"";
				DEVELOPMENT_TEAM = 74Y2GWFGD7;
				ENABLE_PREVIEWS = YES;
				GENERATE_INFOPLIST_FILE = YES;
				INFOPLIST_FILE = "$(TARGET_NAME)/Info.plist";
				LD_RUNPATH_SEARCH_PATHS = (
					"$(inherited)",
					"@executable_path/Frameworks",
				);
				MARKETING_VERSION = 1.0;
				PRODUCT_BUNDLE_IDENTIFIER = com.brunohd.MegazordApp;
				PRODUCT_NAME = "$(TARGET_NAME)";
				SUPPORTED_PLATFORMS = "xros xrsimulator";
				SWIFT_EMIT_LOC_STRINGS = YES;
				SWIFT_VERSION = 5.0;
				TARGETED_DEVICE_FAMILY = "1,2,7";
			};
			name = Debug;
		};
		03BA99082BB1BAC9006AAC93 /* Release */ = {
			isa = XCBuildConfiguration;
			buildSettings = {
				ASSETCATALOG_COMPILER_APPICON_NAME = AppIcon;
				ASSETCATALOG_COMPILER_GLOBAL_ACCENT_COLOR_NAME = AccentColor;
				CODE_SIGN_STYLE = Automatic;
				CURRENT_PROJECT_VERSION = 1;
				DEVELOPMENT_ASSET_PATHS = "\"MegazordApp/Preview Content\"";
				DEVELOPMENT_TEAM = 74Y2GWFGD7;
				ENABLE_PREVIEWS = YES;
				GENERATE_INFOPLIST_FILE = YES;
				INFOPLIST_FILE = "$(TARGET_NAME)/Info.plist";
				LD_RUNPATH_SEARCH_PATHS = (
					"$(inherited)",
					"@executable_path/Frameworks",
				);
				MARKETING_VERSION = 1.0;
				PRODUCT_BUNDLE_IDENTIFIER = com.brunohd.MegazordApp;
				PRODUCT_NAME = "$(TARGET_NAME)";
				SUPPORTED_PLATFORMS = "xros xrsimulator";
				SWIFT_EMIT_LOC_STRINGS = YES;
				SWIFT_VERSION = 5.0;
				TARGETED_DEVICE_FAMILY = "1,2,7";
			};
			name = Release;
		};
		03BA990A2BB1BAC9006AAC93 /* Debug */ = {
			isa = XCBuildConfiguration;
			buildSettings = {
				ALWAYS_EMBED_SWIFT_STANDARD_LIBRARIES = YES;
				BUNDLE_LOADER = "$(TEST_HOST)";
				CODE_SIGN_STYLE = Automatic;
				CURRENT_PROJECT_VERSION = 1;
				DEVELOPMENT_TEAM = 74Y2GWFGD7;
				GENERATE_INFOPLIST_FILE = YES;
				MARKETING_VERSION = 1.0;
				PRODUCT_BUNDLE_IDENTIFIER = com.brunohd.MegazordAppTests;
				PRODUCT_NAME = "$(TARGET_NAME)";
				SUPPORTED_PLATFORMS = "xros xrsimulator";
				SWIFT_EMIT_LOC_STRINGS = NO;
				SWIFT_VERSION = 5.0;
				TARGETED_DEVICE_FAMILY = "1,2,7";
				TEST_HOST = "$(BUILT_PRODUCTS_DIR)/MegazordApp.app/$(BUNDLE_EXECUTABLE_FOLDER_PATH)/MegazordApp";
				XROS_DEPLOYMENT_TARGET = 1.1;
			};
			name = Debug;
		};
		03BA990B2BB1BAC9006AAC93 /* Release */ = {
			isa = XCBuildConfiguration;
			buildSettings = {
				ALWAYS_EMBED_SWIFT_STANDARD_LIBRARIES = YES;
				BUNDLE_LOADER = "$(TEST_HOST)";
				CODE_SIGN_STYLE = Automatic;
				CURRENT_PROJECT_VERSION = 1;
				DEVELOPMENT_TEAM = 74Y2GWFGD7;
				GENERATE_INFOPLIST_FILE = YES;
				MARKETING_VERSION = 1.0;
				PRODUCT_BUNDLE_IDENTIFIER = com.brunohd.MegazordAppTests;
				PRODUCT_NAME = "$(TARGET_NAME)";
				SUPPORTED_PLATFORMS = "xros xrsimulator";
				SWIFT_EMIT_LOC_STRINGS = NO;
				SWIFT_VERSION = 5.0;
				TARGETED_DEVICE_FAMILY = "1,2,7";
				TEST_HOST = "$(BUILT_PRODUCTS_DIR)/MegazordApp.app/$(BUNDLE_EXECUTABLE_FOLDER_PATH)/MegazordApp";
				XROS_DEPLOYMENT_TARGET = 1.1;
			};
			name = Release;
		};
/* End XCBuildConfiguration section */

/* Begin XCConfigurationList section */
		03BA98E22BB1BAC8006AAC93 /* Build configuration list for PBXProject "MegazordApp" */ = {
			isa = XCConfigurationList;
			buildConfigurations = (
				03BA99042BB1BAC9006AAC93 /* Debug */,
				03BA99052BB1BAC9006AAC93 /* Release */,
			);
			defaultConfigurationIsVisible = 0;
			defaultConfigurationName = Release;
		};
		03BA99062BB1BAC9006AAC93 /* Build configuration list for PBXNativeTarget "MegazordApp" */ = {
			isa = XCConfigurationList;
			buildConfigurations = (
				03BA99072BB1BAC9006AAC93 /* Debug */,
				03BA99082BB1BAC9006AAC93 /* Release */,
			);
			defaultConfigurationIsVisible = 0;
			defaultConfigurationName = Release;
		};
		03BA99092BB1BAC9006AAC93 /* Build configuration list for PBXNativeTarget "MegazordAppTests" */ = {
			isa = XCConfigurationList;
			buildConfigurations = (
				03BA990A2BB1BAC9006AAC93 /* Debug */,
				03BA990B2BB1BAC9006AAC93 /* Release */,
			);
			defaultConfigurationIsVisible = 0;
			defaultConfigurationName = Release;
		};
/* End XCConfigurationList section */

/* Begin XCSwiftPackageProductDependency section */
		03BA98EC2BB1BAC8006AAC93 /* RealityKitContent */ = {
			isa = XCSwiftPackageProductDependency;
			productName = RealityKitContent;
		};
/* End XCSwiftPackageProductDependency section */
	};
	rootObject = 03BA98DF2BB1BAC8006AAC93 /* Project object */;
}
