// !$*UTF8*$!
{
	archiveVersion = 1;
	classes = {
	};
	objectVersion = 56;
	objects = {

/* Begin PBXBuildFile section */
		03BA98ED2BB1BAC8006AAC93 /* RealityKitContent in Frameworks */ = {isa = PBXBuildFile; productRef = 03BA98EC2BB1BAC8006AAC93 /* RealityKitContent */; };
		03BA98EF2BB1BAC8006AAC93 /* MegazordAppApp.swift in Sources */ = {isa = PBXBuildFile; fileRef = 03BA98EE2BB1BAC8006AAC93 /* MegazordAppApp.swift */; };
		03BA98F12BB1BAC8006AAC93 /* ContentView.swift in Sources */ = {isa = PBXBuildFile; fileRef = 03BA98F02BB1BAC8006AAC93 /* ContentView.swift */; };
		03BA98F32BB1BAC8006AAC93 /* ImmersiveView.swift in Sources */ = {isa = PBXBuildFile; fileRef = 03BA98F22BB1BAC8006AAC93 /* ImmersiveView.swift */; };
		03BA98F52BB1BAC9006AAC93 /* Assets.xcassets in Resources */ = {isa = PBXBuildFile; fileRef = 03BA98F42BB1BAC9006AAC93 /* Assets.xcassets */; };
		03BA98F82BB1BAC9006AAC93 /* Preview Assets.xcassets in Resources */ = {isa = PBXBuildFile; fileRef = 03BA98F72BB1BAC9006AAC93 /* Preview Assets.xcassets */; };
		03BA99032BB1BAC9006AAC93 /* MegazordAppTests.swift in Sources */ = {isa = PBXBuildFile; fileRef = 03BA99022BB1BAC9006AAC93 /* MegazordAppTests.swift */; };
		03C63B622BB2F831008D6AB8 /* MundoRampa.swift in Sources */ = {isa = PBXBuildFile; fileRef = 03C63B612BB2F831008D6AB8 /* MundoRampa.swift */; };
		AEC99A0F2BB46732005B0773 /* LessonView.swift in Sources */ = {isa = PBXBuildFile; fileRef = AEC99A0E2BB46732005B0773 /* LessonView.swift */; };
		AEC99A112BB46753005B0773 /* CardView.swift in Sources */ = {isa = PBXBuildFile; fileRef = AEC99A102BB46753005B0773 /* CardView.swift */; };
		AEC99A132BB46763005B0773 /* LessonViewModel.swift in Sources */ = {isa = PBXBuildFile; fileRef = AEC99A122BB46763005B0773 /* LessonViewModel.swift */; };
		AEC99A152BB46775005B0773 /* Extensions.swift in Sources */ = {isa = PBXBuildFile; fileRef = AEC99A142BB46775005B0773 /* Extensions.swift */; };
/* End PBXBuildFile section */

/* Begin PBXContainerItemProxy section */
		03BA98FF2BB1BAC9006AAC93 /* PBXContainerItemProxy */ = {
			isa = PBXContainerItemProxy;
			containerPortal = 03BA98DF2BB1BAC8006AAC93 /* Project object */;
			proxyType = 1;
			remoteGlobalIDString = 03BA98E62BB1BAC8006AAC93;
			remoteInfo = MegazordApp;
		};
/* End PBXContainerItemProxy section */

/* Begin PBXFileReference section */
		03BA98E72BB1BAC8006AAC93 /* MegazordApp.app */ = {isa = PBXFileReference; explicitFileType = wrapper.application; includeInIndex = 0; path = MegazordApp.app; sourceTree = BUILT_PRODUCTS_DIR; };
		03BA98EB2BB1BAC8006AAC93 /* RealityKitContent */ = {isa = PBXFileReference; lastKnownFileType = wrapper; path = RealityKitContent; sourceTree = "<group>"; };
		03BA98EE2BB1BAC8006AAC93 /* MegazordAppApp.swift */ = {isa = PBXFileReference; lastKnownFileType = sourcecode.swift; path = MegazordAppApp.swift; sourceTree = "<group>"; };
		03BA98F02BB1BAC8006AAC93 /* ContentView.swift */ = {isa = PBXFileReference; lastKnownFileType = sourcecode.swift; path = ContentView.swift; sourceTree = "<group>"; };
		03BA98F22BB1BAC8006AAC93 /* ImmersiveView.swift */ = {isa = PBXFileReference; lastKnownFileType = sourcecode.swift; path = ImmersiveView.swift; sourceTree = "<group>"; };
		03BA98F42BB1BAC9006AAC93 /* Assets.xcassets */ = {isa = PBXFileReference; lastKnownFileType = folder.assetcatalog; path = Assets.xcassets; sourceTree = "<group>"; };
		03BA98F72BB1BAC9006AAC93 /* Preview Assets.xcassets */ = {isa = PBXFileReference; lastKnownFileType = folder.assetcatalog; path = "Preview Assets.xcassets"; sourceTree = "<group>"; };
		03BA98F92BB1BAC9006AAC93 /* Info.plist */ = {isa = PBXFileReference; lastKnownFileType = text.plist.xml; path = Info.plist; sourceTree = "<group>"; };
		03BA98FE2BB1BAC9006AAC93 /* MegazordAppTests.xctest */ = {isa = PBXFileReference; explicitFileType = wrapper.cfbundle; includeInIndex = 0; path = MegazordAppTests.xctest; sourceTree = BUILT_PRODUCTS_DIR; };
		03BA99022BB1BAC9006AAC93 /* MegazordAppTests.swift */ = {isa = PBXFileReference; lastKnownFileType = sourcecode.swift; path = MegazordAppTests.swift; sourceTree = "<group>"; };
		03C63B612BB2F831008D6AB8 /* MundoRampa.swift */ = {isa = PBXFileReference; lastKnownFileType = sourcecode.swift; path = MundoRampa.swift; sourceTree = "<group>"; };
		AEC99A0E2BB46732005B0773 /* LessonView.swift */ = {isa = PBXFileReference; lastKnownFileType = sourcecode.swift; path = LessonView.swift; sourceTree = "<group>"; };
		AEC99A102BB46753005B0773 /* CardView.swift */ = {isa = PBXFileReference; lastKnownFileType = sourcecode.swift; path = CardView.swift; sourceTree = "<group>"; };
		AEC99A122BB46763005B0773 /* LessonViewModel.swift */ = {isa = PBXFileReference; lastKnownFileType = sourcecode.swift; path = LessonViewModel.swift; sourceTree = "<group>"; };
		AEC99A142BB46775005B0773 /* Extensions.swift */ = {isa = PBXFileReference; lastKnownFileType = sourcecode.swift; path = Extensions.swift; sourceTree = "<group>"; };
/* End PBXFileReference section */

/* Begin PBXFrameworksBuildPhase section */
		03BA98E42BB1BAC8006AAC93 /* Frameworks */ = {
			isa = PBXFrameworksBuildPhase;
			buildActionMask = 2147483647;
			files = (
				03BA98ED2BB1BAC8006AAC93 /* RealityKitContent in Frameworks */,
			);
			runOnlyForDeploymentPostprocessing = 0;
		};
		03BA98FB2BB1BAC9006AAC93 /* Frameworks */ = {
			isa = PBXFrameworksBuildPhase;
			buildActionMask = 2147483647;
			files = (
			);
			runOnlyForDeploymentPostprocessing = 0;
		};
/* End PBXFrameworksBuildPhase section */

/* Begin PBXGroup section */
		03BA98DE2BB1BAC8006AAC93 = {
			isa = PBXGroup;
			children = (
				03BA98E92BB1BAC8006AAC93 /* MegazordApp */,
				03BA98EA2BB1BAC8006AAC93 /* Packages */,
				03BA99012BB1BAC9006AAC93 /* MegazordAppTests */,
				03BA98E82BB1BAC8006AAC93 /* Products */,
			);
			sourceTree = "<group>";
		};
		03BA98E82BB1BAC8006AAC93 /* Products */ = {
			isa = PBXGroup;
			children = (
				03BA98E72BB1BAC8006AAC93 /* MegazordApp.app */,
				03BA98FE2BB1BAC9006AAC93 /* MegazordAppTests.xctest */,
			);
			name = Products;
			sourceTree = "<group>";
		};
		03BA98E92BB1BAC8006AAC93 /* MegazordApp */ = {
			isa = PBXGroup;
			children = (
				03BA98F02BB1BAC8006AAC93 /* ContentView.swift */,
				AEC99A142BB46775005B0773 /* Extensions.swift */,
				03BA98F22BB1BAC8006AAC93 /* ImmersiveView.swift */,
				03C63B612BB2F831008D6AB8 /* MundoRampa.swift */,
				AEC99A0E2BB46732005B0773 /* LessonView.swift */,
				AEC99A102BB46753005B0773 /* CardView.swift */,
				AEC99A122BB46763005B0773 /* LessonViewModel.swift */,
				03BA98EE2BB1BAC8006AAC93 /* MegazordAppApp.swift */,
				03BA98F42BB1BAC9006AAC93 /* Assets.xcassets */,
				03BA98F92BB1BAC9006AAC93 /* Info.plist */,
				03BA98F62BB1BAC9006AAC93 /* Preview Content */,
			);
			path = MegazordApp;
			sourceTree = "<group>";
		};
		03BA98EA2BB1BAC8006AAC93 /* Packages */ = {
			isa = PBXGroup;
			children = (
				03BA98EB2BB1BAC8006AAC93 /* RealityKitContent */,
			);
			path = Packages;
			sourceTree = "<group>";
		};
		03BA98F62BB1BAC9006AAC93 /* Preview Content */ = {
			isa = PBXGroup;
			children = (
				03BA98F72BB1BAC9006AAC93 /* Preview Assets.xcassets */,
			);
			path = "Preview Content";
			sourceTree = "<group>";
		};
		03BA99012BB1BAC9006AAC93 /* MegazordAppTests */ = {
			isa = PBXGroup;
			children = (
				03BA99022BB1BAC9006AAC93 /* MegazordAppTests.swift */,
			);
			path = MegazordAppTests;
			sourceTree = "<group>";
		};
/* End PBXGroup section */

/* Begin PBXNativeTarget section */
		03BA98E62BB1BAC8006AAC93 /* MegazordApp */ = {
			isa = PBXNativeTarget;
			buildConfigurationList = 03BA99062BB1BAC9006AAC93 /* Build configuration list for PBXNativeTarget "MegazordApp" */;
			buildPhases = (
				03BA98E32BB1BAC8006AAC93 /* Sources */,
				03BA98E42BB1BAC8006AAC93 /* Frameworks */,
				03BA98E52BB1BAC8006AAC93 /* Resources */,
			);
			buildRules = (
			);
			dependencies = (
			);
			name = MegazordApp;
			packageProductDependencies = (
				03BA98EC2BB1BAC8006AAC93 /* RealityKitContent */,
			);
			productName = MegazordApp;
			productReference = 03BA98E72BB1BAC8006AAC93 /* MegazordApp.app */;
			productType = "com.apple.product-type.application";
		};
		03BA98FD2BB1BAC9006AAC93 /* MegazordAppTests */ = {
			isa = PBXNativeTarget;
			buildConfigurationList = 03BA99092BB1BAC9006AAC93 /* Build configuration list for PBXNativeTarget "MegazordAppTests" */;
			buildPhases = (
				03BA98FA2BB1BAC9006AAC93 /* Sources */,
				03BA98FB2BB1BAC9006AAC93 /* Frameworks */,
				03BA98FC2BB1BAC9006AAC93 /* Resources */,
			);
			buildRules = (
			);
			dependencies = (
				03BA99002BB1BAC9006AAC93 /* PBXTargetDependency */,
			);
			name = MegazordAppTests;
			productName = MegazordAppTests;
			productReference = 03BA98FE2BB1BAC9006AAC93 /* MegazordAppTests.xctest */;
			productType = "com.apple.product-type.bundle.unit-test";
		};
/* End PBXNativeTarget section */

/* Begin PBXProject section */
		03BA98DF2BB1BAC8006AAC93 /* Project object */ = {
			isa = PBXProject;
			attributes = {
				BuildIndependentTargetsInParallel = 1;
				LastSwiftUpdateCheck = 1530;
				LastUpgradeCheck = 1530;
				TargetAttributes = {
					03BA98E62BB1BAC8006AAC93 = {
						CreatedOnToolsVersion = 15.3;
					};
					03BA98FD2BB1BAC9006AAC93 = {
						CreatedOnToolsVersion = 15.3;
						TestTargetID = 03BA98E62BB1BAC8006AAC93;
					};
				};
			};
			buildConfigurationList = 03BA98E22BB1BAC8006AAC93 /* Build configuration list for PBXProject "MegazordApp" */;
			compatibilityVersion = "Xcode 14.0";
			developmentRegion = en;
			hasScannedForEncodings = 0;
			knownRegions = (
				en,
				Base,
			);
			mainGroup = 03BA98DE2BB1BAC8006AAC93;
			productRefGroup = 03BA98E82BB1BAC8006AAC93 /* Products */;
			projectDirPath = "";
			projectRoot = "";
			targets = (
				03BA98E62BB1BAC8006AAC93 /* MegazordApp */,
				03BA98FD2BB1BAC9006AAC93 /* MegazordAppTests */,
			);
		};
/* End PBXProject section */

/* Begin PBXResourcesBuildPhase section */
		03BA98E52BB1BAC8006AAC93 /* Resources */ = {
			isa = PBXResourcesBuildPhase;
			buildActionMask = 2147483647;
			files = (
				03BA98F82BB1BAC9006AAC93 /* Preview Assets.xcassets in Resources */,
				03BA98F52BB1BAC9006AAC93 /* Assets.xcassets in Resources */,
			);
			runOnlyForDeploymentPostprocessing = 0;
		};
		03BA98FC2BB1BAC9006AAC93 /* Resources */ = {
			isa = PBXResourcesBuildPhase;
			buildActionMask = 2147483647;
			files = (
			);
			runOnlyForDeploymentPostprocessing = 0;
		};
/* End PBXResourcesBuildPhase section */

/* Begin PBXSourcesBuildPhase section */
		03BA98E32BB1BAC8006AAC93 /* Sources */ = {
			isa = PBXSourcesBuildPhase;
			buildActionMask = 2147483647;
			files = (
				AEC99A152BB46775005B0773 /* Extensions.swift in Sources */,
				03BA98F12BB1BAC8006AAC93 /* ContentView.swift in Sources */,
				03C63B622BB2F831008D6AB8 /* MundoRampa.swift in Sources */,
				03BA98EF2BB1BAC8006AAC93 /* MegazordAppApp.swift in Sources */,
				AEC99A132BB46763005B0773 /* LessonViewModel.swift in Sources */,
				AEC99A0F2BB46732005B0773 /* LessonView.swift in Sources */,
				AEC99A112BB46753005B0773 /* CardView.swift in Sources */,
				03BA98F32BB1BAC8006AAC93 /* ImmersiveView.swift in Sources */,
			);
			runOnlyForDeploymentPostprocessing = 0;
		};
		03BA98FA2BB1BAC9006AAC93 /* Sources */ = {
			isa = PBXSourcesBuildPhase;
			buildActionMask = 2147483647;
			files = (
				03BA99032BB1BAC9006AAC93 /* MegazordAppTests.swift in Sources */,
			);
			runOnlyForDeploymentPostprocessing = 0;
		};
/* End PBXSourcesBuildPhase section */

/* Begin PBXTargetDependency section */
		03BA99002BB1BAC9006AAC93 /* PBXTargetDependency */ = {
			isa = PBXTargetDependency;
			target = 03BA98E62BB1BAC8006AAC93 /* MegazordApp */;
			targetProxy = 03BA98FF2BB1BAC9006AAC93 /* PBXContainerItemProxy */;
		};
/* End PBXTargetDependency section */

/* Begin XCBuildConfiguration section */
		03BA99042BB1BAC9006AAC93 /* Debug */ = {
			isa = XCBuildConfiguration;
			buildSettings = {
				ALWAYS_SEARCH_USER_PATHS = NO;
				ASSETCATALOG_COMPILER_GENERATE_SWIFT_ASSET_SYMBOL_EXTENSIONS = YES;
				CLANG_ANALYZER_NONNULL = YES;
				CLANG_ANALYZER_NUMBER_OBJECT_CONVERSION = YES_AGGRESSIVE;
				CLANG_CXX_LANGUAGE_STANDARD = "gnu++20";
				CLANG_ENABLE_MODULES = YES;
				CLANG_ENABLE_OBJC_ARC = YES;
				CLANG_ENABLE_OBJC_WEAK = YES;
				CLANG_WARN_BLOCK_CAPTURE_AUTORELEASING = YES;
				CLANG_WARN_BOOL_CONVERSION = YES;
				CLANG_WARN_COMMA = YES;
				CLANG_WARN_CONSTANT_CONVERSION = YES;
				CLANG_WARN_DEPRECATED_OBJC_IMPLEMENTATIONS = YES;
				CLANG_WARN_DIRECT_OBJC_ISA_USAGE = YES_ERROR;
				CLANG_WARN_DOCUMENTATION_COMMENTS = YES;
				CLANG_WARN_EMPTY_BODY = YES;
				CLANG_WARN_ENUM_CONVERSION = YES;
				CLANG_WARN_INFINITE_RECURSION = YES;
				CLANG_WARN_INT_CONVERSION = YES;
				CLANG_WARN_NON_LITERAL_NULL_CONVERSION = YES;
				CLANG_WARN_OBJC_IMPLICIT_RETAIN_SELF = YES;
				CLANG_WARN_OBJC_LITERAL_CONVERSION = YES;
				CLANG_WARN_OBJC_ROOT_CLASS = YES_ERROR;
				CLANG_WARN_QUOTED_INCLUDE_IN_FRAMEWORK_HEADER = YES;
				CLANG_WARN_RANGE_LOOP_ANALYSIS = YES;
				CLANG_WARN_STRICT_PROTOTYPES = YES;
				CLANG_WARN_SUSPICIOUS_MOVE = YES;
				CLANG_WARN_UNGUARDED_AVAILABILITY = YES_AGGRESSIVE;
				CLANG_WARN_UNREACHABLE_CODE = YES;
				CLANG_WARN__DUPLICATE_METHOD_MATCH = YES;
				COPY_PHASE_STRIP = NO;
				DEBUG_INFORMATION_FORMAT = dwarf;
				ENABLE_STRICT_OBJC_MSGSEND = YES;
				ENABLE_TESTABILITY = YES;
				ENABLE_USER_SCRIPT_SANDBOXING = YES;
				GCC_C_LANGUAGE_STANDARD = gnu17;
				GCC_DYNAMIC_NO_PIC = NO;
				GCC_NO_COMMON_BLOCKS = YES;
				GCC_OPTIMIZATION_LEVEL = 0;
				GCC_PREPROCESSOR_DEFINITIONS = (
					"DEBUG=1",
					"$(inherited)",
				);
				GCC_WARN_64_TO_32_BIT_CONVERSION = YES;
				GCC_WARN_ABOUT_RETURN_TYPE = YES_ERROR;
				GCC_WARN_UNDECLARED_SELECTOR = YES;
				GCC_WARN_UNINITIALIZED_AUTOS = YES_AGGRESSIVE;
				GCC_WARN_UNUSED_FUNCTION = YES;
				GCC_WARN_UNUSED_VARIABLE = YES;
				LOCALIZATION_PREFERS_STRING_CATALOGS = YES;
				MTL_ENABLE_DEBUG_INFO = INCLUDE_SOURCE;
				MTL_FAST_MATH = YES;
				ONLY_ACTIVE_ARCH = YES;
				SDKROOT = xros;
				SWIFT_ACTIVE_COMPILATION_CONDITIONS = "DEBUG $(inherited)";
				SWIFT_OPTIMIZATION_LEVEL = "-Onone";
				XROS_DEPLOYMENT_TARGET = 1.1;
			};
			name = Debug;
		};
		03BA99052BB1BAC9006AAC93 /* Release */ = {
			isa = XCBuildConfiguration;
			buildSettings = {
				ALWAYS_SEARCH_USER_PATHS = NO;
				ASSETCATALOG_COMPILER_GENERATE_SWIFT_ASSET_SYMBOL_EXTENSIONS = YES;
				CLANG_ANALYZER_NONNULL = YES;
				CLANG_ANALYZER_NUMBER_OBJECT_CONVERSION = YES_AGGRESSIVE;
				CLANG_CXX_LANGUAGE_STANDARD = "gnu++20";
				CLANG_ENABLE_MODULES = YES;
				CLANG_ENABLE_OBJC_ARC = YES;
				CLANG_ENABLE_OBJC_WEAK = YES;
				CLANG_WARN_BLOCK_CAPTURE_AUTORELEASING = YES;
				CLANG_WARN_BOOL_CONVERSION = YES;
				CLANG_WARN_COMMA = YES;
				CLANG_WARN_CONSTANT_CONVERSION = YES;
				CLANG_WARN_DEPRECATED_OBJC_IMPLEMENTATIONS = YES;
				CLANG_WARN_DIRECT_OBJC_ISA_USAGE = YES_ERROR;
				CLANG_WARN_DOCUMENTATION_COMMENTS = YES;
				CLANG_WARN_EMPTY_BODY = YES;
				CLANG_WARN_ENUM_CONVERSION = YES;
				CLANG_WARN_INFINITE_RECURSION = YES;
				CLANG_WARN_INT_CONVERSION = YES;
				CLANG_WARN_NON_LITERAL_NULL_CONVERSION = YES;
				CLANG_WARN_OBJC_IMPLICIT_RETAIN_SELF = YES;
				CLANG_WARN_OBJC_LITERAL_CONVERSION = YES;
				CLANG_WARN_OBJC_ROOT_CLASS = YES_ERROR;
				CLANG_WARN_QUOTED_INCLUDE_IN_FRAMEWORK_HEADER = YES;
				CLANG_WARN_RANGE_LOOP_ANALYSIS = YES;
				CLANG_WARN_STRICT_PROTOTYPES = YES;
				CLANG_WARN_SUSPICIOUS_MOVE = YES;
				CLANG_WARN_UNGUARDED_AVAILABILITY = YES_AGGRESSIVE;
				CLANG_WARN_UNREACHABLE_CODE = YES;
				CLANG_WARN__DUPLICATE_METHOD_MATCH = YES;
				COPY_PHASE_STRIP = NO;
				DEBUG_INFORMATION_FORMAT = "dwarf-with-dsym";
				ENABLE_NS_ASSERTIONS = NO;
				ENABLE_STRICT_OBJC_MSGSEND = YES;
				ENABLE_USER_SCRIPT_SANDBOXING = YES;
				GCC_C_LANGUAGE_STANDARD = gnu17;
				GCC_NO_COMMON_BLOCKS = YES;
				GCC_WARN_64_TO_32_BIT_CONVERSION = YES;
				GCC_WARN_ABOUT_RETURN_TYPE = YES_ERROR;
				GCC_WARN_UNDECLARED_SELECTOR = YES;
				GCC_WARN_UNINITIALIZED_AUTOS = YES_AGGRESSIVE;
				GCC_WARN_UNUSED_FUNCTION = YES;
				GCC_WARN_UNUSED_VARIABLE = YES;
				LOCALIZATION_PREFERS_STRING_CATALOGS = YES;
				MTL_ENABLE_DEBUG_INFO = NO;
				MTL_FAST_MATH = YES;
				SDKROOT = xros;
				SWIFT_COMPILATION_MODE = wholemodule;
				VALIDATE_PRODUCT = YES;
				XROS_DEPLOYMENT_TARGET = 1.1;
			};
			name = Release;
		};
		03BA99072BB1BAC9006AAC93 /* Debug */ = {
			isa = XCBuildConfiguration;
			buildSettings = {
				ASSETCATALOG_COMPILER_APPICON_NAME = AppIcon;
				ASSETCATALOG_COMPILER_GLOBAL_ACCENT_COLOR_NAME = AccentColor;
				CODE_SIGN_STYLE = Automatic;
				CURRENT_PROJECT_VERSION = 1;
				DEVELOPMENT_ASSET_PATHS = "\"MegazordApp/Preview Content\"";
				DEVELOPMENT_TEAM = 74Y2GWFGD7;
				ENABLE_PREVIEWS = YES;
				GENERATE_INFOPLIST_FILE = YES;
				INFOPLIST_FILE = "$(TARGET_NAME)/Info.plist";
				LD_RUNPATH_SEARCH_PATHS = (
					"$(inherited)",
					"@executable_path/Frameworks",
				);
				MARKETING_VERSION = 1.0;
				PRODUCT_BUNDLE_IDENTIFIER = com.brunohd.MegazordApp;
				PRODUCT_NAME = "$(TARGET_NAME)";
				SUPPORTED_PLATFORMS = "xros xrsimulator";
				SWIFT_EMIT_LOC_STRINGS = YES;
				SWIFT_VERSION = 5.0;
				TARGETED_DEVICE_FAMILY = "1,2,7";
			};
			name = Debug;
		};
		03BA99082BB1BAC9006AAC93 /* Release */ = {
			isa = XCBuildConfiguration;
			buildSettings = {
				ASSETCATALOG_COMPILER_APPICON_NAME = AppIcon;
				ASSETCATALOG_COMPILER_GLOBAL_ACCENT_COLOR_NAME = AccentColor;
				CODE_SIGN_STYLE = Automatic;
				CURRENT_PROJECT_VERSION = 1;
				DEVELOPMENT_ASSET_PATHS = "\"MegazordApp/Preview Content\"";
				DEVELOPMENT_TEAM = 74Y2GWFGD7;
				ENABLE_PREVIEWS = YES;
				GENERATE_INFOPLIST_FILE = YES;
				INFOPLIST_FILE = "$(TARGET_NAME)/Info.plist";
				LD_RUNPATH_SEARCH_PATHS = (
					"$(inherited)",
					"@executable_path/Frameworks",
				);
				MARKETING_VERSION = 1.0;
				PRODUCT_BUNDLE_IDENTIFIER = com.brunohd.MegazordApp;
				PRODUCT_NAME = "$(TARGET_NAME)";
				SUPPORTED_PLATFORMS = "xros xrsimulator";
				SWIFT_EMIT_LOC_STRINGS = YES;
				SWIFT_VERSION = 5.0;
				TARGETED_DEVICE_FAMILY = "1,2,7";
			};
			name = Release;
		};
		03BA990A2BB1BAC9006AAC93 /* Debug */ = {
			isa = XCBuildConfiguration;
			buildSettings = {
				ALWAYS_EMBED_SWIFT_STANDARD_LIBRARIES = YES;
				BUNDLE_LOADER = "$(TEST_HOST)";
				CODE_SIGN_STYLE = Automatic;
				CURRENT_PROJECT_VERSION = 1;
				DEVELOPMENT_TEAM = 74Y2GWFGD7;
				GENERATE_INFOPLIST_FILE = YES;
				MARKETING_VERSION = 1.0;
				PRODUCT_BUNDLE_IDENTIFIER = com.brunohd.MegazordAppTests;
				PRODUCT_NAME = "$(TARGET_NAME)";
				SUPPORTED_PLATFORMS = "xros xrsimulator";
				SWIFT_EMIT_LOC_STRINGS = NO;
				SWIFT_VERSION = 5.0;
				TARGETED_DEVICE_FAMILY = "1,2,7";
				TEST_HOST = "$(BUILT_PRODUCTS_DIR)/MegazordApp.app/$(BUNDLE_EXECUTABLE_FOLDER_PATH)/MegazordApp";
				XROS_DEPLOYMENT_TARGET = 1.1;
			};
			name = Debug;
		};
		03BA990B2BB1BAC9006AAC93 /* Release */ = {
			isa = XCBuildConfiguration;
			buildSettings = {
				ALWAYS_EMBED_SWIFT_STANDARD_LIBRARIES = YES;
				BUNDLE_LOADER = "$(TEST_HOST)";
				CODE_SIGN_STYLE = Automatic;
				CURRENT_PROJECT_VERSION = 1;
				DEVELOPMENT_TEAM = 74Y2GWFGD7;
				GENERATE_INFOPLIST_FILE = YES;
				MARKETING_VERSION = 1.0;
				PRODUCT_BUNDLE_IDENTIFIER = com.brunohd.MegazordAppTests;
				PRODUCT_NAME = "$(TARGET_NAME)";
				SUPPORTED_PLATFORMS = "xros xrsimulator";
				SWIFT_EMIT_LOC_STRINGS = NO;
				SWIFT_VERSION = 5.0;
				TARGETED_DEVICE_FAMILY = "1,2,7";
				TEST_HOST = "$(BUILT_PRODUCTS_DIR)/MegazordApp.app/$(BUNDLE_EXECUTABLE_FOLDER_PATH)/MegazordApp";
				XROS_DEPLOYMENT_TARGET = 1.1;
			};
			name = Release;
		};
/* End XCBuildConfiguration section */

/* Begin XCConfigurationList section */
		03BA98E22BB1BAC8006AAC93 /* Build configuration list for PBXProject "MegazordApp" */ = {
			isa = XCConfigurationList;
			buildConfigurations = (
				03BA99042BB1BAC9006AAC93 /* Debug */,
				03BA99052BB1BAC9006AAC93 /* Release */,
			);
			defaultConfigurationIsVisible = 0;
			defaultConfigurationName = Release;
		};
		03BA99062BB1BAC9006AAC93 /* Build configuration list for PBXNativeTarget "MegazordApp" */ = {
			isa = XCConfigurationList;
			buildConfigurations = (
				03BA99072BB1BAC9006AAC93 /* Debug */,
				03BA99082BB1BAC9006AAC93 /* Release */,
			);
			defaultConfigurationIsVisible = 0;
			defaultConfigurationName = Release;
		};
		03BA99092BB1BAC9006AAC93 /* Build configuration list for PBXNativeTarget "MegazordAppTests" */ = {
			isa = XCConfigurationList;
			buildConfigurations = (
				03BA990A2BB1BAC9006AAC93 /* Debug */,
				03BA990B2BB1BAC9006AAC93 /* Release */,
			);
			defaultConfigurationIsVisible = 0;
			defaultConfigurationName = Release;
		};
/* End XCConfigurationList section */

/* Begin XCSwiftPackageProductDependency section */
		03BA98EC2BB1BAC8006AAC93 /* RealityKitContent */ = {
			isa = XCSwiftPackageProductDependency;
			productName = RealityKitContent;
		};
/* End XCSwiftPackageProductDependency section */
	};
	rootObject = 03BA98DF2BB1BAC8006AAC93 /* Project object */;
}
